
Microsoft Visual Studio Solution File, Format Version 12.00
# Visual Studio Version 17
VisualStudioVersion = 17.7.34031.279
MinimumVisualStudioVersion = 10.0.40219.1
Project("{2150E333-8FDC-42A3-9474-1A3956D46DE8}") = "Task0", "Task0", "{36A35442-9B7F-44C9-AC23-C20D579D434D}"
EndProject
Project("{FAE04EC0-301F-11D3-BF4B-00C04F79EFBC}") = "Tyuiu.KhasanovRV.Sprint0.Task0.V0", "Tyuiu.KhasanovRV.Sprint0.Task0.V0\Tyuiu.KhasanovRV.Sprint0.Task0.V0.csproj", "{589248F0-DF53-41D8-B4D7-B9ABAD41D318}"
EndProject
Project("{2150E333-8FDC-42A3-9474-1A3956D46DE8}") = "Task1", "Task1", "{30A556B7-30E7-4709-9002-E6606C19C496}"
EndProject
Project("{FAE04EC0-301F-11D3-BF4B-00C04F79EFBC}") = "Tyuiu.KhasanovRV.Sprint0.Task1.V0", "Tyuiu.KhasanovRV.Sprint0.Task1.V0\Tyuiu.KhasanovRV.Sprint0.Task1.V0.csproj", "{A90BA20F-2F56-4BBA-A5E0-CDC4F1AB226E}"
EndProject
Project("{2150E333-8FDC-42A3-9474-1A3956D46DE8}") = "Task2", "Task2", "{71D50862-E545-430F-95D1-3F302131F3A2}"
EndProject
Project("{FAE04EC0-301F-11D3-BF4B-00C04F79EFBC}") = "Tyuiu.KhasanovRV.Sprint0.Task2.V0", "Tyuiu.KhasanovRV.Sprint0.Task2.V0\Tyuiu.KhasanovRV.Sprint0.Task2.V0.csproj", "{3E7978DE-0985-4CA9-9E79-52E963CB02D3}"
EndProject
Project("{FAE04EC0-301F-11D3-BF4B-00C04F79EFBC}") = "Tyuiu.KhasanovRV.Sprint0.Task2.V0.Lib", "Tyuiu.KhasanovRV.Sprint0.Task2.V0.Lib\Tyuiu.KhasanovRV.Sprint0.Task2.V0.Lib.csproj", "{DE4499FA-60B3-479E-940A-46361E6C76C2}"
EndProject
Project("{FAE04EC0-301F-11D3-BF4B-00C04F79EFBC}") = "Tyuiu.KhasanovRV.Sprint0.Task2.V0.Test", "Tyuiu.KhasanovRV.Sprint0.Task2.V0.Test\Tyuiu.KhasanovRV.Sprint0.Task2.V0.Test.csproj", "{C053E7DE-D8DC-44F1-93C9-AD1D07DC8181}"
EndProject
Project("{2150E333-8FDC-42A3-9474-1A3956D46DE8}") = "Task3", "Task3", "{7B34ADF0-7127-41B2-AAFF-64B47DC6D114}"
EndProject
Project("{FAE04EC0-301F-11D3-BF4B-00C04F79EFBC}") = "Tyuiu.KhasanovRV.Sprint0.Task3.V0", "Tyuiu.KhasanovRV.Sprint0.Task3.V0\Tyuiu.KhasanovRV.Sprint0.Task3.V0.csproj", "{AF5925D5-F583-4098-978A-C21F30D3F0A3}"
EndProject
Project("{FAE04EC0-301F-11D3-BF4B-00C04F79EFBC}") = "Tyuiu.KhasanovRV.Sprint0.Task3.V0.Lib", "Tyuiu.KhasanovRV.Sprint0.Task3.V0.Lib\Tyuiu.KhasanovRV.Sprint0.Task3.V0.Lib.csproj", "{FBADE792-318B-4C68-A279-FE2673D62B73}"
EndProject
Project("{FAE04EC0-301F-11D3-BF4B-00C04F79EFBC}") = "Tyuiu.KhasanovRV.Sprint0.Task3.V0.Test", "Tyuiu.KhasanovRV.Sprint0.Task3.V0.Test\Tyuiu.KhasanovRV.Sprint0.Task3.V0.Test.csproj", "{AFA1E6E6-035D-4583-A266-11CD2A2A2993}"
EndProject
Global
	GlobalSection(SolutionConfigurationPlatforms) = preSolution
		Debug|Any CPU = Debug|Any CPU
		Release|Any CPU = Release|Any CPU
	EndGlobalSection
	GlobalSection(ProjectConfigurationPlatforms) = postSolution
		{589248F0-DF53-41D8-B4D7-B9ABAD41D318}.Debug|Any CPU.ActiveCfg = Debug|Any CPU
		{589248F0-DF53-41D8-B4D7-B9ABAD41D318}.Debug|Any CPU.Build.0 = Debug|Any CPU
		{589248F0-DF53-41D8-B4D7-B9ABAD41D318}.Release|Any CPU.ActiveCfg = Release|Any CPU
		{589248F0-DF53-41D8-B4D7-B9ABAD41D318}.Release|Any CPU.Build.0 = Release|Any CPU
		{A90BA20F-2F56-4BBA-A5E0-CDC4F1AB226E}.Debug|Any CPU.ActiveCfg = Debug|Any CPU
		{A90BA20F-2F56-4BBA-A5E0-CDC4F1AB226E}.Debug|Any CPU.Build.0 = Debug|Any CPU
		{A90BA20F-2F56-4BBA-A5E0-CDC4F1AB226E}.Release|Any CPU.ActiveCfg = Release|Any CPU
		{A90BA20F-2F56-4BBA-A5E0-CDC4F1AB226E}.Release|Any CPU.Build.0 = Release|Any CPU
		{3E7978DE-0985-4CA9-9E79-52E963CB02D3}.Debug|Any CPU.ActiveCfg = Debug|Any CPU
		{3E7978DE-0985-4CA9-9E79-52E963CB02D3}.Debug|Any CPU.Build.0 = Debug|Any CPU
		{3E7978DE-0985-4CA9-9E79-52E963CB02D3}.Release|Any CPU.ActiveCfg = Release|Any CPU
		{3E7978DE-0985-4CA9-9E79-52E963CB02D3}.Release|Any CPU.Build.0 = Release|Any CPU
		{DE4499FA-60B3-479E-940A-46361E6C76C2}.Debug|Any CPU.ActiveCfg = Debug|Any CPU
		{DE4499FA-60B3-479E-940A-46361E6C76C2}.Debug|Any CPU.Build.0 = Debug|Any CPU
		{DE4499FA-60B3-479E-940A-46361E6C76C2}.Release|Any CPU.ActiveCfg = Release|Any CPU
		{DE4499FA-60B3-479E-940A-46361E6C76C2}.Release|Any CPU.Build.0 = Release|Any CPU
		{C053E7DE-D8DC-44F1-93C9-AD1D07DC8181}.Debug|Any CPU.ActiveCfg = Debug|Any CPU
		{C053E7DE-D8DC-44F1-93C9-AD1D07DC8181}.Debug|Any CPU.Build.0 = Debug|Any CPU
		{C053E7DE-D8DC-44F1-93C9-AD1D07DC8181}.Release|Any CPU.ActiveCfg = Release|Any CPU
		{C053E7DE-D8DC-44F1-93C9-AD1D07DC8181}.Release|Any CPU.Build.0 = Release|Any CPU
		{AF5925D5-F583-4098-978A-C21F30D3F0A3}.Debug|Any CPU.ActiveCfg = Debug|Any CPU
		{AF5925D5-F583-4098-978A-C21F30D3F0A3}.Debug|Any CPU.Build.0 = Debug|Any CPU
		{AF5925D5-F583-4098-978A-C21F30D3F0A3}.Release|Any CPU.ActiveCfg = Release|Any CPU
		{AF5925D5-F583-4098-978A-C21F30D3F0A3}.Release|Any CPU.Build.0 = Release|Any CPU
		{FBADE792-318B-4C68-A279-FE2673D62B73}.Debug|Any CPU.ActiveCfg = Debug|Any CPU
		{FBADE792-318B-4C68-A279-FE2673D62B73}.Debug|Any CPU.Build.0 = Debug|Any CPU
		{FBADE792-318B-4C68-A279-FE2673D62B73}.Release|Any CPU.ActiveCfg = Release|Any CPU
		{FBADE792-318B-4C68-A279-FE2673D62B73}.Release|Any CPU.Build.0 = Release|Any CPU
		{AFA1E6E6-035D-4583-A266-11CD2A2A2993}.Debug|Any CPU.ActiveCfg = Debug|Any CPU
		{AFA1E6E6-035D-4583-A266-11CD2A2A2993}.Debug|Any CPU.Build.0 = Debug|Any CPU
		{AFA1E6E6-035D-4583-A266-11CD2A2A2993}.Release|Any CPU.ActiveCfg = Release|Any CPU
		{AFA1E6E6-035D-4583-A266-11CD2A2A2993}.Release|Any CPU.Build.0 = Release|Any CPU
	EndGlobalSection
	GlobalSection(SolutionProperties) = preSolution
		HideSolutionNode = FALSE
	EndGlobalSection
	GlobalSection(NestedProjects) = preSolution
		{589248F0-DF53-41D8-B4D7-B9ABAD41D318} = {36A35442-9B7F-44C9-AC23-C20D579D434D}
		{A90BA20F-2F56-4BBA-A5E0-CDC4F1AB226E} = {30A556B7-30E7-4709-9002-E6606C19C496}
		{3E7978DE-0985-4CA9-9E79-52E963CB02D3} = {71D50862-E545-430F-95D1-3F302131F3A2}
		{DE4499FA-60B3-479E-940A-46361E6C76C2} = {71D50862-E545-430F-95D1-3F302131F3A2}
		{C053E7DE-D8DC-44F1-93C9-AD1D07DC8181} = {71D50862-E545-430F-95D1-3F302131F3A2}
		{AF5925D5-F583-4098-978A-C21F30D3F0A3} = {7B34ADF0-7127-41B2-AAFF-64B47DC6D114}
		{FBADE792-318B-4C68-A279-FE2673D62B73} = {7B34ADF0-7127-41B2-AAFF-64B47DC6D114}
		{AFA1E6E6-035D-4583-A266-11CD2A2A2993} = {7B34ADF0-7127-41B2-AAFF-64B47DC6D114}
	EndGlobalSection
	GlobalSection(ExtensibilityGlobals) = postSolution
		SolutionGuid = {04407A1D-A8CE-414F-920D-75DA83A796AA}
	EndGlobalSection
EndGlobal
